
Microsoft Visual Studio Solution File, Format Version 12.00
# Visual Studio 15
VisualStudioVersion = 15.0.28307.168
MinimumVisualStudioVersion = 10.0.40219.1
Project("{FAE04EC0-301F-11D3-BF4B-00C04F79EFBC}") = "minification", "minification.csproj", "{69CD3167-91B1-44F7-9808-BE2C778A5854}"
EndProject
Global
	GlobalSection(SolutionConfigurationPlatforms) = preSolution
		Debug|Any CPU = Debug|Any CPU
		Release|Any CPU = Release|Any CPU
	EndGlobalSection
	GlobalSection(ProjectConfigurationPlatforms) = postSolution
		{69CD3167-91B1-44F7-9808-BE2C778A5854}.Debug|Any CPU.ActiveCfg = Debug|Any CPU
		{69CD3167-91B1-44F7-9808-BE2C778A5854}.Debug|Any CPU.Build.0 = Debug|Any CPU
		{69CD3167-91B1-44F7-9808-BE2C778A5854}.Release|Any CPU.ActiveCfg = Release|Any CPU
		{69CD3167-91B1-44F7-9808-BE2C778A5854}.Release|Any CPU.Build.0 = Release|Any CPU
	EndGlobalSection
	GlobalSection(SolutionProperties) = preSolution
		HideSolutionNode = FALSE
	EndGlobalSection
	GlobalSection(ExtensibilityGlobals) = postSolution
		SolutionGuid = {77E55FF1-506F-4049-A44D-73F89095AD7E}
	EndGlobalSection
EndGlobal
